
Microsoft Visual Studio Solution File, Format Version 12.00
# Visual Studio Version 17
VisualStudioVersion = 17.13.35818.85 d17.13
MinimumVisualStudioVersion = 10.0.40219.1
Project("{FAE04EC0-301F-11D3-BF4B-00C04F79EFBC}") = "tpmod5_103022330105", "tpmod5_103022330105\tpmod5_103022330105.csproj", "{08C80AE8-80EF-41E0-9F31-29B9D8034C0C}"
EndProject
Global
	GlobalSection(SolutionConfigurationPlatforms) = preSolution
		Debug|Any CPU = Debug|Any CPU
		Release|Any CPU = Release|Any CPU
	EndGlobalSection
	GlobalSection(ProjectConfigurationPlatforms) = postSolution
		{08C80AE8-80EF-41E0-9F31-29B9D8034C0C}.Debug|Any CPU.ActiveCfg = Debug|Any CPU
		{08C80AE8-80EF-41E0-9F31-29B9D8034C0C}.Debug|Any CPU.Build.0 = Debug|Any CPU
		{08C80AE8-80EF-41E0-9F31-29B9D8034C0C}.Release|Any CPU.ActiveCfg = Release|Any CPU
		{08C80AE8-80EF-41E0-9F31-29B9D8034C0C}.Release|Any CPU.Build.0 = Release|Any CPU
	EndGlobalSection
	GlobalSection(SolutionProperties) = preSolution
		HideSolutionNode = FALSE
	EndGlobalSection
	GlobalSection(ExtensibilityGlobals) = postSolution
		SolutionGuid = {14E296E8-1E22-480B-ADF1-24FA4E37B663}
	EndGlobalSection
EndGlobal
